
Microsoft Visual Studio Solution File, Format Version 12.00
# Visual Studio Version 16
VisualStudioVersion = 16.0.31205.134
MinimumVisualStudioVersion = 10.0.40219.1
Project("{9A19103F-16F7-4668-BE54-9A1E7A4F7556}") = "SQLBulk", "SQLBulk\SQLBulk.csproj", "{6BBDB8A9-C138-4D62-A52A-0E31C3DED84E}"
EndProject
Project("{FAE04EC0-301F-11D3-BF4B-00C04F79EFBC}") = "SQLBulk.UnitTests", "SQLBulk.UnitTests\SQLBulk.UnitTests.csproj", "{910EF2FF-8DEA-47E9-B3E4-416D533EF9AD}"
EndProject
Global
	GlobalSection(SolutionConfigurationPlatforms) = preSolution
		Debug|Any CPU = Debug|Any CPU
		Release|Any CPU = Release|Any CPU
	EndGlobalSection
	GlobalSection(ProjectConfigurationPlatforms) = postSolution
		{6BBDB8A9-C138-4D62-A52A-0E31C3DED84E}.Debug|Any CPU.ActiveCfg = Debug|Any CPU
		{6BBDB8A9-C138-4D62-A52A-0E31C3DED84E}.Debug|Any CPU.Build.0 = Debug|Any CPU
		{6BBDB8A9-C138-4D62-A52A-0E31C3DED84E}.Release|Any CPU.ActiveCfg = Release|Any CPU
		{6BBDB8A9-C138-4D62-A52A-0E31C3DED84E}.Release|Any CPU.Build.0 = Release|Any CPU
		{910EF2FF-8DEA-47E9-B3E4-416D533EF9AD}.Debug|Any CPU.ActiveCfg = Debug|Any CPU
		{910EF2FF-8DEA-47E9-B3E4-416D533EF9AD}.Debug|Any CPU.Build.0 = Debug|Any CPU
		{910EF2FF-8DEA-47E9-B3E4-416D533EF9AD}.Release|Any CPU.ActiveCfg = Release|Any CPU
		{910EF2FF-8DEA-47E9-B3E4-416D533EF9AD}.Release|Any CPU.Build.0 = Release|Any CPU
	EndGlobalSection
	GlobalSection(SolutionProperties) = preSolution
		HideSolutionNode = FALSE
	EndGlobalSection
	GlobalSection(ExtensibilityGlobals) = postSolution
		SolutionGuid = {03CB0E87-E4FA-4C2D-98E5-8AD905E16911}
	EndGlobalSection
EndGlobal
